// !$*UTF8*$!
{
	archiveVersion = 1;
	classes = {
	};
	objectVersion = 56;
	objects = {

/* Begin PBXBuildFile section */
		BD234ACB2A44C5F900AC33E7 /* KennaApp.swift in Sources */ = {isa = PBXBuildFile; fileRef = BD234ACA2A44C5F900AC33E7 /* KennaApp.swift */; };
		BD234ACD2A44C5F900AC33E7 /* ContentView.swift in Sources */ = {isa = PBXBuildFile; fileRef = BD234ACC2A44C5F900AC33E7 /* ContentView.swift */; };
		BD234ACF2A44C5FB00AC33E7 /* Assets.xcassets in Resources */ = {isa = PBXBuildFile; fileRef = BD234ACE2A44C5FB00AC33E7 /* Assets.xcassets */; };
		BD234AD22A44C5FB00AC33E7 /* Preview Assets.xcassets in Resources */ = {isa = PBXBuildFile; fileRef = BD234AD12A44C5FB00AC33E7 /* Preview Assets.xcassets */; };
		BD234ADC2A44C5FB00AC33E7 /* KennaTests.swift in Sources */ = {isa = PBXBuildFile; fileRef = BD234ADB2A44C5FB00AC33E7 /* KennaTests.swift */; };
		BD234AE62A44C5FB00AC33E7 /* KennaUITests.swift in Sources */ = {isa = PBXBuildFile; fileRef = BD234AE52A44C5FB00AC33E7 /* KennaUITests.swift */; };
		BD234AE82A44C5FB00AC33E7 /* KennaUITestsLaunchTests.swift in Sources */ = {isa = PBXBuildFile; fileRef = BD234AE72A44C5FB00AC33E7 /* KennaUITestsLaunchTests.swift */; };
/* End PBXBuildFile section */

/* Begin PBXContainerItemProxy section */
		BD234AD82A44C5FB00AC33E7 /* PBXContainerItemProxy */ = {
			isa = PBXContainerItemProxy;
			containerPortal = BD234ABF2A44C5F900AC33E7 /* Project object */;
			proxyType = 1;
			remoteGlobalIDString = BD234AC62A44C5F900AC33E7;
			remoteInfo = Kenna;
		};
		BD234AE22A44C5FB00AC33E7 /* PBXContainerItemProxy */ = {
			isa = PBXContainerItemProxy;
			containerPortal = BD234ABF2A44C5F900AC33E7 /* Project object */;
			proxyType = 1;
			remoteGlobalIDString = BD234AC62A44C5F900AC33E7;
			remoteInfo = Kenna;
		};
/* End PBXContainerItemProxy section */

/* Begin PBXFileReference section */
		BD234AC72A44C5F900AC33E7 /* Kenna.app */ = {isa = PBXFileReference; explicitFileType = wrapper.application; includeInIndex = 0; path = Kenna.app; sourceTree = BUILT_PRODUCTS_DIR; };
		BD234ACA2A44C5F900AC33E7 /* KennaApp.swift */ = {isa = PBXFileReference; lastKnownFileType = sourcecode.swift; path = KennaApp.swift; sourceTree = "<group>"; };
		BD234ACC2A44C5F900AC33E7 /* ContentView.swift */ = {isa = PBXFileReference; lastKnownFileType = sourcecode.swift; path = ContentView.swift; sourceTree = "<group>"; };
		BD234ACE2A44C5FB00AC33E7 /* Assets.xcassets */ = {isa = PBXFileReference; lastKnownFileType = folder.assetcatalog; path = Assets.xcassets; sourceTree = "<group>"; };
		BD234AD12A44C5FB00AC33E7 /* Preview Assets.xcassets */ = {isa = PBXFileReference; lastKnownFileType = folder.assetcatalog; path = "Preview Assets.xcassets"; sourceTree = "<group>"; };
		BD234AD72A44C5FB00AC33E7 /* KennaTests.xctest */ = {isa = PBXFileReference; explicitFileType = wrapper.cfbundle; includeInIndex = 0; path = KennaTests.xctest; sourceTree = BUILT_PRODUCTS_DIR; };
		BD234ADB2A44C5FB00AC33E7 /* KennaTests.swift */ = {isa = PBXFileReference; lastKnownFileType = sourcecode.swift; path = KennaTests.swift; sourceTree = "<group>"; };
		BD234AE12A44C5FB00AC33E7 /* KennaUITests.xctest */ = {isa = PBXFileReference; explicitFileType = wrapper.cfbundle; includeInIndex = 0; path = KennaUITests.xctest; sourceTree = BUILT_PRODUCTS_DIR; };
		BD234AE52A44C5FB00AC33E7 /* KennaUITests.swift */ = {isa = PBXFileReference; lastKnownFileType = sourcecode.swift; path = KennaUITests.swift; sourceTree = "<group>"; };
		BD234AE72A44C5FB00AC33E7 /* KennaUITestsLaunchTests.swift */ = {isa = PBXFileReference; lastKnownFileType = sourcecode.swift; path = KennaUITestsLaunchTests.swift; sourceTree = "<group>"; };
/* End PBXFileReference section */

/* Begin PBXFrameworksBuildPhase section */
		BD234AC42A44C5F900AC33E7 /* Frameworks */ = {
			isa = PBXFrameworksBuildPhase;
			buildActionMask = 2147483647;
			files = (
			);
			runOnlyForDeploymentPostprocessing = 0;
		};
		BD234AD42A44C5FB00AC33E7 /* Frameworks */ = {
			isa = PBXFrameworksBuildPhase;
			buildActionMask = 2147483647;
			files = (
			);
			runOnlyForDeploymentPostprocessing = 0;
		};
		BD234ADE2A44C5FB00AC33E7 /* Frameworks */ = {
			isa = PBXFrameworksBuildPhase;
			buildActionMask = 2147483647;
			files = (
			);
			runOnlyForDeploymentPostprocessing = 0;
		};
/* End PBXFrameworksBuildPhase section */

/* Begin PBXGroup section */
		BD234ABE2A44C5F900AC33E7 = {
			isa = PBXGroup;
			children = (
				BD234AC92A44C5F900AC33E7 /* Kenna */,
				BD234ADA2A44C5FB00AC33E7 /* KennaTests */,
				BD234AE42A44C5FB00AC33E7 /* KennaUITests */,
				BD234AC82A44C5F900AC33E7 /* Products */,
			);
			sourceTree = "<group>";
		};
		BD234AC82A44C5F900AC33E7 /* Products */ = {
			isa = PBXGroup;
			children = (
				BD234AC72A44C5F900AC33E7 /* Kenna.app */,
				BD234AD72A44C5FB00AC33E7 /* KennaTests.xctest */,
				BD234AE12A44C5FB00AC33E7 /* KennaUITests.xctest */,
			);
			name = Products;
			sourceTree = "<group>";
		};
		BD234AC92A44C5F900AC33E7 /* Kenna */ = {
			isa = PBXGroup;
			children = (
				BD234ACA2A44C5F900AC33E7 /* KennaApp.swift */,
				BD234ACC2A44C5F900AC33E7 /* ContentView.swift */,
				BD234ACE2A44C5FB00AC33E7 /* Assets.xcassets */,
				BD234AD02A44C5FB00AC33E7 /* Preview Content */,
			);
			path = Kenna;
			sourceTree = "<group>";
		};
		BD234AD02A44C5FB00AC33E7 /* Preview Content */ = {
			isa = PBXGroup;
			children = (
				BD234AD12A44C5FB00AC33E7 /* Preview Assets.xcassets */,
			);
			path = "Preview Content";
			sourceTree = "<group>";
		};
		BD234ADA2A44C5FB00AC33E7 /* KennaTests */ = {
			isa = PBXGroup;
			children = (
				BD234ADB2A44C5FB00AC33E7 /* KennaTests.swift */,
			);
			path = KennaTests;
			sourceTree = "<group>";
		};
		BD234AE42A44C5FB00AC33E7 /* KennaUITests */ = {
			isa = PBXGroup;
			children = (
				BD234AE52A44C5FB00AC33E7 /* KennaUITests.swift */,
				BD234AE72A44C5FB00AC33E7 /* KennaUITestsLaunchTests.swift */,
			);
			path = KennaUITests;
			sourceTree = "<group>";
		};
/* End PBXGroup section */

/* Begin PBXNativeTarget section */
		BD234AC62A44C5F900AC33E7 /* Kenna */ = {
			isa = PBXNativeTarget;
			buildConfigurationList = BD234AEB2A44C5FB00AC33E7 /* Build configuration list for PBXNativeTarget "Kenna" */;
			buildPhases = (
				BD234AC32A44C5F900AC33E7 /* Sources */,
				BD234AC42A44C5F900AC33E7 /* Frameworks */,
				BD234AC52A44C5F900AC33E7 /* Resources */,
			);
			buildRules = (
			);
			dependencies = (
			);
			name = Kenna;
			productName = Kenna;
			productReference = BD234AC72A44C5F900AC33E7 /* Kenna.app */;
			productType = "com.apple.product-type.application";
		};
		BD234AD62A44C5FB00AC33E7 /* KennaTests */ = {
			isa = PBXNativeTarget;
			buildConfigurationList = BD234AEE2A44C5FB00AC33E7 /* Build configuration list for PBXNativeTarget "KennaTests" */;
			buildPhases = (
				BD234AD32A44C5FB00AC33E7 /* Sources */,
				BD234AD42A44C5FB00AC33E7 /* Frameworks */,
				BD234AD52A44C5FB00AC33E7 /* Resources */,
			);
			buildRules = (
			);
			dependencies = (
				BD234AD92A44C5FB00AC33E7 /* PBXTargetDependency */,
			);
			name = KennaTests;
			productName = KennaTests;
			productReference = BD234AD72A44C5FB00AC33E7 /* KennaTests.xctest */;
			productType = "com.apple.product-type.bundle.unit-test";
		};
		BD234AE02A44C5FB00AC33E7 /* KennaUITests */ = {
			isa = PBXNativeTarget;
			buildConfigurationList = BD234AF12A44C5FB00AC33E7 /* Build configuration list for PBXNativeTarget "KennaUITests" */;
			buildPhases = (
				BD234ADD2A44C5FB00AC33E7 /* Sources */,
				BD234ADE2A44C5FB00AC33E7 /* Frameworks */,
				BD234ADF2A44C5FB00AC33E7 /* Resources */,
			);
			buildRules = (
			);
			dependencies = (
				BD234AE32A44C5FB00AC33E7 /* PBXTargetDependency */,
			);
			name = KennaUITests;
			productName = KennaUITests;
			productReference = BD234AE12A44C5FB00AC33E7 /* KennaUITests.xctest */;
			productType = "com.apple.product-type.bundle.ui-testing";
		};
/* End PBXNativeTarget section */

/* Begin PBXProject section */
		BD234ABF2A44C5F900AC33E7 /* Project object */ = {
			isa = PBXProject;
			attributes = {
				BuildIndependentTargetsInParallel = 1;
				LastSwiftUpdateCheck = 1430;
				LastUpgradeCheck = 1430;
				TargetAttributes = {
					BD234AC62A44C5F900AC33E7 = {
						CreatedOnToolsVersion = 14.3.1;
					};
					BD234AD62A44C5FB00AC33E7 = {
						CreatedOnToolsVersion = 14.3.1;
						TestTargetID = BD234AC62A44C5F900AC33E7;
					};
					BD234AE02A44C5FB00AC33E7 = {
						CreatedOnToolsVersion = 14.3.1;
						TestTargetID = BD234AC62A44C5F900AC33E7;
					};
				};
			};
			buildConfigurationList = BD234AC22A44C5F900AC33E7 /* Build configuration list for PBXProject "Kenna" */;
			compatibilityVersion = "Xcode 14.0";
			developmentRegion = en;
			hasScannedForEncodings = 0;
			knownRegions = (
				en,
				Base,
			);
			mainGroup = BD234ABE2A44C5F900AC33E7;
			productRefGroup = BD234AC82A44C5F900AC33E7 /* Products */;
			projectDirPath = "";
			projectRoot = "";
			targets = (
				BD234AC62A44C5F900AC33E7 /* Kenna */,
				BD234AD62A44C5FB00AC33E7 /* KennaTests */,
				BD234AE02A44C5FB00AC33E7 /* KennaUITests */,
			);
		};
/* End PBXProject section */

/* Begin PBXResourcesBuildPhase section */
		BD234AC52A44C5F900AC33E7 /* Resources */ = {
			isa = PBXResourcesBuildPhase;
			buildActionMask = 2147483647;
			files = (
				BD234AD22A44C5FB00AC33E7 /* Preview Assets.xcassets in Resources */,
				BD234ACF2A44C5FB00AC33E7 /* Assets.xcassets in Resources */,
			);
			runOnlyForDeploymentPostprocessing = 0;
		};
		BD234AD52A44C5FB00AC33E7 /* Resources */ = {
			isa = PBXResourcesBuildPhase;
			buildActionMask = 2147483647;
			files = (
			);
			runOnlyForDeploymentPostprocessing = 0;
		};
		BD234ADF2A44C5FB00AC33E7 /* Resources */ = {
			isa = PBXResourcesBuildPhase;
			buildActionMask = 2147483647;
			files = (
			);
			runOnlyForDeploymentPostprocessing = 0;
		};
/* End PBXResourcesBuildPhase section */

/* Begin PBXSourcesBuildPhase section */
		BD234AC32A44C5F900AC33E7 /* Sources */ = {
			isa = PBXSourcesBuildPhase;
			buildActionMask = 2147483647;
			files = (
				BD234ACD2A44C5F900AC33E7 /* ContentView.swift in Sources */,
				BD234ACB2A44C5F900AC33E7 /* KennaApp.swift in Sources */,
			);
			runOnlyForDeploymentPostprocessing = 0;
		};
		BD234AD32A44C5FB00AC33E7 /* Sources */ = {
			isa = PBXSourcesBuildPhase;
			buildActionMask = 2147483647;
			files = (
				BD234ADC2A44C5FB00AC33E7 /* KennaTests.swift in Sources */,
			);
			runOnlyForDeploymentPostprocessing = 0;
		};
		BD234ADD2A44C5FB00AC33E7 /* Sources */ = {
			isa = PBXSourcesBuildPhase;
			buildActionMask = 2147483647;
			files = (
				BD234AE82A44C5FB00AC33E7 /* KennaUITestsLaunchTests.swift in Sources */,
				BD234AE62A44C5FB00AC33E7 /* KennaUITests.swift in Sources */,
			);
			runOnlyForDeploymentPostprocessing = 0;
		};
/* End PBXSourcesBuildPhase section */

/* Begin PBXTargetDependency section */
		BD234AD92A44C5FB00AC33E7 /* PBXTargetDependency */ = {
			isa = PBXTargetDependency;
			target = BD234AC62A44C5F900AC33E7 /* Kenna */;
			targetProxy = BD234AD82A44C5FB00AC33E7 /* PBXContainerItemProxy */;
		};
		BD234AE32A44C5FB00AC33E7 /* PBXTargetDependency */ = {
			isa = PBXTargetDependency;
			target = BD234AC62A44C5F900AC33E7 /* Kenna */;
			targetProxy = BD234AE22A44C5FB00AC33E7 /* PBXContainerItemProxy */;
		};
/* End PBXTargetDependency section */

/* Begin XCBuildConfiguration section */
		BD234AE92A44C5FB00AC33E7 /* Debug */ = {
			isa = XCBuildConfiguration;
			buildSettings = {
				ALWAYS_SEARCH_USER_PATHS = NO;
				CLANG_ANALYZER_NONNULL = YES;
				CLANG_ANALYZER_NUMBER_OBJECT_CONVERSION = YES_AGGRESSIVE;
				CLANG_CXX_LANGUAGE_STANDARD = "gnu++20";
				CLANG_ENABLE_MODULES = YES;
				CLANG_ENABLE_OBJC_ARC = YES;
				CLANG_ENABLE_OBJC_WEAK = YES;
				CLANG_WARN_BLOCK_CAPTURE_AUTORELEASING = YES;
				CLANG_WARN_BOOL_CONVERSION = YES;
				CLANG_WARN_COMMA = YES;
				CLANG_WARN_CONSTANT_CONVERSION = YES;
				CLANG_WARN_DEPRECATED_OBJC_IMPLEMENTATIONS = YES;
				CLANG_WARN_DIRECT_OBJC_ISA_USAGE = YES_ERROR;
				CLANG_WARN_DOCUMENTATION_COMMENTS = YES;
				CLANG_WARN_EMPTY_BODY = YES;
				CLANG_WARN_ENUM_CONVERSION = YES;
				CLANG_WARN_INFINITE_RECURSION = YES;
				CLANG_WARN_INT_CONVERSION = YES;
				CLANG_WARN_NON_LITERAL_NULL_CONVERSION = YES;
				CLANG_WARN_OBJC_IMPLICIT_RETAIN_SELF = YES;
				CLANG_WARN_OBJC_LITERAL_CONVERSION = YES;
				CLANG_WARN_OBJC_ROOT_CLASS = YES_ERROR;
				CLANG_WARN_QUOTED_INCLUDE_IN_FRAMEWORK_HEADER = YES;
				CLANG_WARN_RANGE_LOOP_ANALYSIS = YES;
				CLANG_WARN_STRICT_PROTOTYPES = YES;
				CLANG_WARN_SUSPICIOUS_MOVE = YES;
				CLANG_WARN_UNGUARDED_AVAILABILITY = YES_AGGRESSIVE;
				CLANG_WARN_UNREACHABLE_CODE = YES;
				CLANG_WARN__DUPLICATE_METHOD_MATCH = YES;
				COPY_PHASE_STRIP = NO;
				DEBUG_INFORMATION_FORMAT = dwarf;
				ENABLE_STRICT_OBJC_MSGSEND = YES;
				ENABLE_TESTABILITY = YES;
				GCC_C_LANGUAGE_STANDARD = gnu11;
				GCC_DYNAMIC_NO_PIC = NO;
				GCC_NO_COMMON_BLOCKS = YES;
				GCC_OPTIMIZATION_LEVEL = 0;
				GCC_PREPROCESSOR_DEFINITIONS = (
					"DEBUG=1",
					"$(inherited)",
				);
				GCC_WARN_64_TO_32_BIT_CONVERSION = YES;
				GCC_WARN_ABOUT_RETURN_TYPE = YES_ERROR;
				GCC_WARN_UNDECLARED_SELECTOR = YES;
				GCC_WARN_UNINITIALIZED_AUTOS = YES_AGGRESSIVE;
				GCC_WARN_UNUSED_FUNCTION = YES;
				GCC_WARN_UNUSED_VARIABLE = YES;
				IPHONEOS_DEPLOYMENT_TARGET = 16.4;
				MTL_ENABLE_DEBUG_INFO = INCLUDE_SOURCE;
				MTL_FAST_MATH = YES;
				ONLY_ACTIVE_ARCH = YES;
				SDKROOT = iphoneos;
				SWIFT_ACTIVE_COMPILATION_CONDITIONS = DEBUG;
				SWIFT_OPTIMIZATION_LEVEL = "-Onone";
			};
			name = Debug;
		};
		BD234AEA2A44C5FB00AC33E7 /* Release */ = {
			isa = XCBuildConfiguration;
			buildSettings = {
				ALWAYS_SEARCH_USER_PATHS = NO;
				CLANG_ANALYZER_NONNULL = YES;
				CLANG_ANALYZER_NUMBER_OBJECT_CONVERSION = YES_AGGRESSIVE;
				CLANG_CXX_LANGUAGE_STANDARD = "gnu++20";
				CLANG_ENABLE_MODULES = YES;
				CLANG_ENABLE_OBJC_ARC = YES;
				CLANG_ENABLE_OBJC_WEAK = YES;
				CLANG_WARN_BLOCK_CAPTURE_AUTORELEASING = YES;
				CLANG_WARN_BOOL_CONVERSION = YES;
				CLANG_WARN_COMMA = YES;
				CLANG_WARN_CONSTANT_CONVERSION = YES;
				CLANG_WARN_DEPRECATED_OBJC_IMPLEMENTATIONS = YES;
				CLANG_WARN_DIRECT_OBJC_ISA_USAGE = YES_ERROR;
				CLANG_WARN_DOCUMENTATION_COMMENTS = YES;
				CLANG_WARN_EMPTY_BODY = YES;
				CLANG_WARN_ENUM_CONVERSION = YES;
				CLANG_WARN_INFINITE_RECURSION = YES;
				CLANG_WARN_INT_CONVERSION = YES;
				CLANG_WARN_NON_LITERAL_NULL_CONVERSION = YES;
				CLANG_WARN_OBJC_IMPLICIT_RETAIN_SELF = YES;
				CLANG_WARN_OBJC_LITERAL_CONVERSION = YES;
				CLANG_WARN_OBJC_ROOT_CLASS = YES_ERROR;
				CLANG_WARN_QUOTED_INCLUDE_IN_FRAMEWORK_HEADER = YES;
				CLANG_WARN_RANGE_LOOP_ANALYSIS = YES;
				CLANG_WARN_STRICT_PROTOTYPES = YES;
				CLANG_WARN_SUSPICIOUS_MOVE = YES;
				CLANG_WARN_UNGUARDED_AVAILABILITY = YES_AGGRESSIVE;
				CLANG_WARN_UNREACHABLE_CODE = YES;
				CLANG_WARN__DUPLICATE_METHOD_MATCH = YES;
				COPY_PHASE_STRIP = NO;
				DEBUG_INFORMATION_FORMAT = "dwarf-with-dsym";
				ENABLE_NS_ASSERTIONS = NO;
				ENABLE_STRICT_OBJC_MSGSEND = YES;
				GCC_C_LANGUAGE_STANDARD = gnu11;
				GCC_NO_COMMON_BLOCKS = YES;
				GCC_WARN_64_TO_32_BIT_CONVERSION = YES;
				GCC_WARN_ABOUT_RETURN_TYPE = YES_ERROR;
				GCC_WARN_UNDECLARED_SELECTOR = YES;
				GCC_WARN_UNINITIALIZED_AUTOS = YES_AGGRESSIVE;
				GCC_WARN_UNUSED_FUNCTION = YES;
				GCC_WARN_UNUSED_VARIABLE = YES;
				IPHONEOS_DEPLOYMENT_TARGET = 16.4;
				MTL_ENABLE_DEBUG_INFO = NO;
				MTL_FAST_MATH = YES;
				SDKROOT = iphoneos;
				SWIFT_COMPILATION_MODE = wholemodule;
				SWIFT_OPTIMIZATION_LEVEL = "-O";
				VALIDATE_PRODUCT = YES;
			};
			name = Release;
		};
		BD234AEC2A44C5FB00AC33E7 /* Debug */ = {
			isa = XCBuildConfiguration;
			buildSettings = {
				ASSETCATALOG_COMPILER_APPICON_NAME = AppIcon;
				ASSETCATALOG_COMPILER_GLOBAL_ACCENT_COLOR_NAME = AccentColor;
				CODE_SIGN_STYLE = Automatic;
				CURRENT_PROJECT_VERSION = 1;
				DEVELOPMENT_ASSET_PATHS = "\"Kenna/Preview Content\"";
				ENABLE_PREVIEWS = YES;
				GENERATE_INFOPLIST_FILE = YES;
				INFOPLIST_KEY_UIApplicationSceneManifest_Generation = YES;
				INFOPLIST_KEY_UIApplicationSupportsIndirectInputEvents = YES;
				INFOPLIST_KEY_UILaunchScreen_Generation = YES;
				INFOPLIST_KEY_UISupportedInterfaceOrientations_iPad = "UIInterfaceOrientationPortrait UIInterfaceOrientationPortraitUpsideDown UIInterfaceOrientationLandscapeLeft UIInterfaceOrientationLandscapeRight";
				INFOPLIST_KEY_UISupportedInterfaceOrientations_iPhone = "UIInterfaceOrientationPortrait UIInterfaceOrientationLandscapeLeft UIInterfaceOrientationLandscapeRight";
				LD_RUNPATH_SEARCH_PATHS = (
					"$(inherited)",
					"@executable_path/Frameworks",
				);
				MARKETING_VERSION = 1.0;
				PRODUCT_BUNDLE_IDENTIFIER = Kwk.Kenna;
				PRODUCT_NAME = "$(TARGET_NAME)";
				SWIFT_EMIT_LOC_STRINGS = YES;
				SWIFT_VERSION = 5.0;
				TARGETED_DEVICE_FAMILY = "1,2";
			};
			name = Debug;
		};
		BD234AED2A44C5FB00AC33E7 /* Release */ = {
			isa = XCBuildConfiguration;
			buildSettings = {
				ASSETCATALOG_COMPILER_APPICON_NAME = AppIcon;
				ASSETCATALOG_COMPILER_GLOBAL_ACCENT_COLOR_NAME = AccentColor;
				CODE_SIGN_STYLE = Automatic;
				CURRENT_PROJECT_VERSION = 1;
				DEVELOPMENT_ASSET_PATHS = "\"Kenna/Preview Content\"";
				ENABLE_PREVIEWS = YES;
				GENERATE_INFOPLIST_FILE = YES;
				INFOPLIST_KEY_UIApplicationSceneManifest_Generation = YES;
				INFOPLIST_KEY_UIApplicationSupportsIndirectInputEvents = YES;
				INFOPLIST_KEY_UILaunchScreen_Generation = YES;
				INFOPLIST_KEY_UISupportedInterfaceOrientations_iPad = "UIInterfaceOrientationPortrait UIInterfaceOrientationPortraitUpsideDown UIInterfaceOrientationLandscapeLeft UIInterfaceOrientationLandscapeRight";
				INFOPLIST_KEY_UISupportedInterfaceOrientations_iPhone = "UIInterfaceOrientationPortrait UIInterfaceOrientationLandscapeLeft UIInterfaceOrientationLandscapeRight";
				LD_RUNPATH_SEARCH_PATHS = (
					"$(inherited)",
					"@executable_path/Frameworks",
				);
				MARKETING_VERSION = 1.0;
				PRODUCT_BUNDLE_IDENTIFIER = Kwk.Kenna;
				PRODUCT_NAME = "$(TARGET_NAME)";
				SWIFT_EMIT_LOC_STRINGS = YES;
				SWIFT_VERSION = 5.0;
				TARGETED_DEVICE_FAMILY = "1,2";
			};
			name = Release;
		};
		BD234AEF2A44C5FB00AC33E7 /* Debug */ = {
			isa = XCBuildConfiguration;
			buildSettings = {
				ALWAYS_EMBED_SWIFT_STANDARD_LIBRARIES = YES;
				BUNDLE_LOADER = "$(TEST_HOST)";
				CODE_SIGN_STYLE = Automatic;
				CURRENT_PROJECT_VERSION = 1;
				GENERATE_INFOPLIST_FILE = YES;
				IPHONEOS_DEPLOYMENT_TARGET = 16.4;
				MARKETING_VERSION = 1.0;
				PRODUCT_BUNDLE_IDENTIFIER = Kwk.KennaTests;
				PRODUCT_NAME = "$(TARGET_NAME)";
				SWIFT_EMIT_LOC_STRINGS = NO;
				SWIFT_VERSION = 5.0;
				TARGETED_DEVICE_FAMILY = "1,2";
				TEST_HOST = "$(BUILT_PRODUCTS_DIR)/Kenna.app/$(BUNDLE_EXECUTABLE_FOLDER_PATH)/Kenna";
			};
			name = Debug;
		};
		BD234AF02A44C5FB00AC33E7 /* Release */ = {
			isa = XCBuildConfiguration;
			buildSettings = {
				ALWAYS_EMBED_SWIFT_STANDARD_LIBRARIES = YES;
				BUNDLE_LOADER = "$(TEST_HOST)";
				CODE_SIGN_STYLE = Automatic;
				CURRENT_PROJECT_VERSION = 1;
				GENERATE_INFOPLIST_FILE = YES;
				IPHONEOS_DEPLOYMENT_TARGET = 16.4;
				MARKETING_VERSION = 1.0;
				PRODUCT_BUNDLE_IDENTIFIER = Kwk.KennaTests;
				PRODUCT_NAME = "$(TARGET_NAME)";
				SWIFT_EMIT_LOC_STRINGS = NO;
				SWIFT_VERSION = 5.0;
				TARGETED_DEVICE_FAMILY = "1,2";
				TEST_HOST = "$(BUILT_PRODUCTS_DIR)/Kenna.app/$(BUNDLE_EXECUTABLE_FOLDER_PATH)/Kenna";
			};
			name = Release;
		};
		BD234AF22A44C5FB00AC33E7 /* Debug */ = {
			isa = XCBuildConfiguration;
			buildSettings = {
				ALWAYS_EMBED_SWIFT_STANDARD_LIBRARIES = YES;
				CODE_SIGN_STYLE = Automatic;
				CURRENT_PROJECT_VERSION = 1;
				GENERATE_INFOPLIST_FILE = YES;
				MARKETING_VERSION = 1.0;
				PRODUCT_BUNDLE_IDENTIFIER = Kwk.KennaUITests;
				PRODUCT_NAME = "$(TARGET_NAME)";
				SWIFT_EMIT_LOC_STRINGS = NO;
				SWIFT_VERSION = 5.0;
				TARGETED_DEVICE_FAMILY = "1,2";
				TEST_TARGET_NAME = Kenna;
			};
			name = Debug;
		};
		BD234AF32A44C5FB00AC33E7 /* Release */ = {
			isa = XCBuildConfiguration;
			buildSettings = {
				ALWAYS_EMBED_SWIFT_STANDARD_LIBRARIES = YES;
				CODE_SIGN_STYLE = Automatic;
				CURRENT_PROJECT_VERSION = 1;
				GENERATE_INFOPLIST_FILE = YES;
				MARKETING_VERSION = 1.0;
				PRODUCT_BUNDLE_IDENTIFIER = Kwk.KennaUITests;
				PRODUCT_NAME = "$(TARGET_NAME)";
				SWIFT_EMIT_LOC_STRINGS = NO;
				SWIFT_VERSION = 5.0;
				TARGETED_DEVICE_FAMILY = "1,2";
				TEST_TARGET_NAME = Kenna;
			};
			name = Release;
		};
/* End XCBuildConfiguration section */

/* Begin XCConfigurationList section */
		BD234AC22A44C5F900AC33E7 /* Build configuration list for PBXProject "Kenna" */ = {
			isa = XCConfigurationList;
			buildConfigurations = (
				BD234AE92A44C5FB00AC33E7 /* Debug */,
				BD234AEA2A44C5FB00AC33E7 /* Release */,
			);
			defaultConfigurationIsVisible = 0;
			defaultConfigurationName = Release;
		};
		BD234AEB2A44C5FB00AC33E7 /* Build configuration list for PBXNativeTarget "Kenna" */ = {
			isa = XCConfigurationList;
			buildConfigurations = (
				BD234AEC2A44C5FB00AC33E7 /* Debug */,
				BD234AED2A44C5FB00AC33E7 /* Release */,
			);
			defaultConfigurationIsVisible = 0;
			defaultConfigurationName = Release;
		};
		BD234AEE2A44C5FB00AC33E7 /* Build configuration list for PBXNativeTarget "KennaTests" */ = {
			isa = XCConfigurationList;
			buildConfigurations = (
				BD234AEF2A44C5FB00AC33E7 /* Debug */,
				BD234AF02A44C5FB00AC33E7 /* Release */,
			);
			defaultConfigurationIsVisible = 0;
			defaultConfigurationName = Release;
		};
		BD234AF12A44C5FB00AC33E7 /* Build configuration list for PBXNativeTarget "KennaUITests" */ = {
			isa = XCConfigurationList;
			buildConfigurations = (
				BD234AF22A44C5FB00AC33E7 /* Debug */,
				BD234AF32A44C5FB00AC33E7 /* Release */,
			);
			defaultConfigurationIsVisible = 0;
			defaultConfigurationName = Release;
		};
/* End XCConfigurationList section */
	};
	rootObject = BD234ABF2A44C5F900AC33E7 /* Project object */;
}
